
Microsoft Visual Studio Solution File, Format Version 12.00
# Visual Studio 14
VisualStudioVersion = 14.0.25420.1
MinimumVisualStudioVersion = 10.0.40219.1
Project("{D2ABAB84-BF74-430A-B69E-9DC6D40DDA17}") = "MySSAS", "MySSAS\MySSAS.dwproj", "{0F895439-ADFC-4331-8F3E-F6816AE8B5CE}"
EndProject
Global
	GlobalSection(SolutionConfigurationPlatforms) = preSolution
		Development|Default = Development|Default
	EndGlobalSection
	GlobalSection(ProjectConfigurationPlatforms) = postSolution
		{0F895439-ADFC-4331-8F3E-F6816AE8B5CE}.Development|Default.ActiveCfg = Development
		{0F895439-ADFC-4331-8F3E-F6816AE8B5CE}.Development|Default.Build.0 = Development
		{0F895439-ADFC-4331-8F3E-F6816AE8B5CE}.Development|Default.Deploy.0 = Development
	EndGlobalSection
	GlobalSection(SolutionProperties) = preSolution
		HideSolutionNode = FALSE
	EndGlobalSection
EndGlobal
